<?xml version="1.0" encoding="utf-8"?>
<Project ToolsVersion="4.0" xmlns="http://schemas.microsoft.com/developer/msbuild/2003">
  <!-- Filter (folder) definitions -->
  <ItemGroup>
    <Filter Include="external">
      <UniqueIdentifier>{B1000001-0000-0000-0000-000000000001}</UniqueIdentifier>
    </Filter>
    <Filter Include="config">
      <UniqueIdentifier>{B1000002-0000-0000-0000-000000000002}</UniqueIdentifier>
    </Filter>
    <Filter Include="src">
      <UniqueIdentifier>{B1000003-0000-0000-0000-000000000003}</UniqueIdentifier>
    </Filter>
  </ItemGroup>
  <!-- Source files (.cpp) -->
  <ItemGroup>
    <ClCompile Include="src\dllmain.cpp">
      <Filter>src</Filter>
    </ClCompile>
    <ClCompile Include="src\Plugin.cpp">
      <Filter>src</Filter>
    </ClCompile>
    <ClCompile Include="src\Parser.cpp">
      <Filter>src</Filter>
    </ClCompile>
    <ClCompile Include="src\log-highlighter.cpp">
      <Filter>src</Filter>
    </ClCompile>
    <ClCompile Include="src\OverviewPanel.cpp">
      <Filter>src</Filter>
    </ClCompile>
    <ClCompile Include="src\ProgressDialog.cpp">
      <Filter>src</Filter>
    </ClCompile>
  </ItemGroup>
  <!-- Header files (.h) -->
  <ItemGroup>
    <ClInclude Include="external\PluginInterface.h">
      <Filter>external</Filter>
    </ClInclude>
    <ClInclude Include="external\Scintilla.h">
      <Filter>external</Filter>
    </ClInclude>
    <ClInclude Include="external\SciLexer.h">
      <Filter>external</Filter>
    </ClInclude>
    <ClInclude Include="config\LogPatterns.h">
      <Filter>config</Filter>
    </ClInclude>
    <ClInclude Include="config\AboutInfo.h">
      <Filter>config</Filter>
    </ClInclude>
    <ClInclude Include="config\OverviewConfig.h">
      <Filter>config</Filter>
    </ClInclude>
    <ClInclude Include="src\Plugin.h">
      <Filter>src</Filter>
    </ClInclude>
    <ClInclude Include="src\Parser.h">
      <Filter>src</Filter>
    </ClInclude>
    <ClInclude Include="src\log-highlighter.h">
      <Filter>src</Filter>
    </ClInclude>
    <ClInclude Include="src\OverviewPanel.h">
      <Filter>src</Filter>
    </ClInclude>
    <ClInclude Include="src\ProgressDialog.h">
      <Filter>src</Filter>
    </ClInclude>
  </ItemGroup>
</Project>